
Microsoft Visual Studio Solution File, Format Version 12.00
# Visual Studio Version 16
VisualStudioVersion = 16.0.29926.136
MinimumVisualStudioVersion = 10.0.40219.1
Project("{FAE04EC0-301F-11D3-BF4B-00C04F79EFBC}") = "OneType", "src\OneType\OneType.csproj", "{67EE46EF-799A-4209-8AF6-8EA2A645034A}"
EndProject
Project("{FAE04EC0-301F-11D3-BF4B-00C04F79EFBC}") = "OneType.Interface", "src\OneType.Interface\OneType.Interface.csproj", "{77665988-6395-4958-838F-F05404406F11}"
EndProject
Project("{FAE04EC0-301F-11D3-BF4B-00C04F79EFBC}") = "OneType.Tests", "src\OneType.Tests\OneType.Tests.csproj", "{084A703D-BA35-48A5-BE7B-CB320C38D62C}"
EndProject
Global
	GlobalSection(SolutionConfigurationPlatforms) = preSolution
		Debug|Any CPU = Debug|Any CPU
		Release|Any CPU = Release|Any CPU
	EndGlobalSection
	GlobalSection(ProjectConfigurationPlatforms) = postSolution
		{67EE46EF-799A-4209-8AF6-8EA2A645034A}.Debug|Any CPU.ActiveCfg = Debug|Any CPU
		{67EE46EF-799A-4209-8AF6-8EA2A645034A}.Debug|Any CPU.Build.0 = Debug|Any CPU
		{67EE46EF-799A-4209-8AF6-8EA2A645034A}.Release|Any CPU.ActiveCfg = Release|Any CPU
		{67EE46EF-799A-4209-8AF6-8EA2A645034A}.Release|Any CPU.Build.0 = Release|Any CPU
		{77665988-6395-4958-838F-F05404406F11}.Debug|Any CPU.ActiveCfg = Debug|Any CPU
		{77665988-6395-4958-838F-F05404406F11}.Debug|Any CPU.Build.0 = Debug|Any CPU
		{77665988-6395-4958-838F-F05404406F11}.Release|Any CPU.ActiveCfg = Release|Any CPU
		{77665988-6395-4958-838F-F05404406F11}.Release|Any CPU.Build.0 = Release|Any CPU
		{084A703D-BA35-48A5-BE7B-CB320C38D62C}.Debug|Any CPU.ActiveCfg = Debug|Any CPU
		{084A703D-BA35-48A5-BE7B-CB320C38D62C}.Debug|Any CPU.Build.0 = Debug|Any CPU
		{084A703D-BA35-48A5-BE7B-CB320C38D62C}.Release|Any CPU.ActiveCfg = Release|Any CPU
		{084A703D-BA35-48A5-BE7B-CB320C38D62C}.Release|Any CPU.Build.0 = Release|Any CPU
	EndGlobalSection
	GlobalSection(SolutionProperties) = preSolution
		HideSolutionNode = FALSE
	EndGlobalSection
	GlobalSection(ExtensibilityGlobals) = postSolution
		SolutionGuid = {231418D4-5164-47D3-A4B1-718776605381}
	EndGlobalSection
EndGlobal
